
Microsoft Visual Studio Solution File, Format Version 12.00
# Visual Studio Version 17
VisualStudioVersion = 17.10.35027.167
MinimumVisualStudioVersion = 10.0.40219.1
Project("{8BC9CEB8-8B4A-11D0-8D11-00A0C91BC942}") = "dynamiclib", "dynamiclib\dynamiclib.vcxproj", "{3826CCEC-6782-48EC-8617-E56CE4854510}"
EndProject
Project("{8BC9CEB8-8B4A-11D0-8D11-00A0C91BC942}") = "Dll1", "Dll1\Dll1.vcxproj", "{D1559778-797C-4660-A1DC-34C65E66F265}"
EndProject
Project("{8BC9CEB8-8B4A-11D0-8D11-00A0C91BC942}") = "main", "main\main.vcxproj", "{B0A8E0A8-0F81-4555-8FE4-FA453E88E37A}"
EndProject
Global
	GlobalSection(SolutionConfigurationPlatforms) = preSolution
		Debug|x64 = Debug|x64
		Debug|x86 = Debug|x86
		Release|x64 = Release|x64
		Release|x86 = Release|x86
	EndGlobalSection
	GlobalSection(ProjectConfigurationPlatforms) = postSolution
		{3826CCEC-6782-48EC-8617-E56CE4854510}.Debug|x64.ActiveCfg = Debug|x64
		{3826CCEC-6782-48EC-8617-E56CE4854510}.Debug|x64.Build.0 = Debug|x64
		{3826CCEC-6782-48EC-8617-E56CE4854510}.Debug|x86.ActiveCfg = Debug|Win32
		{3826CCEC-6782-48EC-8617-E56CE4854510}.Debug|x86.Build.0 = Debug|Win32
		{3826CCEC-6782-48EC-8617-E56CE4854510}.Release|x64.ActiveCfg = Release|x64
		{3826CCEC-6782-48EC-8617-E56CE4854510}.Release|x64.Build.0 = Release|x64
		{3826CCEC-6782-48EC-8617-E56CE4854510}.Release|x86.ActiveCfg = Release|Win32
		{3826CCEC-6782-48EC-8617-E56CE4854510}.Release|x86.Build.0 = Release|Win32
		{D1559778-797C-4660-A1DC-34C65E66F265}.Debug|x64.ActiveCfg = Debug|x64
		{D1559778-797C-4660-A1DC-34C65E66F265}.Debug|x64.Build.0 = Debug|x64
		{D1559778-797C-4660-A1DC-34C65E66F265}.Debug|x86.ActiveCfg = Debug|Win32
		{D1559778-797C-4660-A1DC-34C65E66F265}.Debug|x86.Build.0 = Debug|Win32
		{D1559778-797C-4660-A1DC-34C65E66F265}.Release|x64.ActiveCfg = Release|x64
		{D1559778-797C-4660-A1DC-34C65E66F265}.Release|x64.Build.0 = Release|x64
		{D1559778-797C-4660-A1DC-34C65E66F265}.Release|x86.ActiveCfg = Release|Win32
		{D1559778-797C-4660-A1DC-34C65E66F265}.Release|x86.Build.0 = Release|Win32
		{B0A8E0A8-0F81-4555-8FE4-FA453E88E37A}.Debug|x64.ActiveCfg = Debug|x64
		{B0A8E0A8-0F81-4555-8FE4-FA453E88E37A}.Debug|x64.Build.0 = Debug|x64
		{B0A8E0A8-0F81-4555-8FE4-FA453E88E37A}.Debug|x86.ActiveCfg = Debug|Win32
		{B0A8E0A8-0F81-4555-8FE4-FA453E88E37A}.Debug|x86.Build.0 = Debug|Win32
		{B0A8E0A8-0F81-4555-8FE4-FA453E88E37A}.Release|x64.ActiveCfg = Release|x64
		{B0A8E0A8-0F81-4555-8FE4-FA453E88E37A}.Release|x64.Build.0 = Release|x64
		{B0A8E0A8-0F81-4555-8FE4-FA453E88E37A}.Release|x86.ActiveCfg = Release|Win32
		{B0A8E0A8-0F81-4555-8FE4-FA453E88E37A}.Release|x86.Build.0 = Release|Win32
	EndGlobalSection
	GlobalSection(SolutionProperties) = preSolution
		HideSolutionNode = FALSE
	EndGlobalSection
	GlobalSection(ExtensibilityGlobals) = postSolution
		SolutionGuid = {85075D0B-670C-46CB-B072-BDB7D91017AF}
	EndGlobalSection
EndGlobal
